{
  "requires": true,
  "lockfileVersion": 1,
  "dependencies": {
    "@types/dropzone": {
      "version": "5.0.4",
      "resolved": "https://registry.npmjs.org/@types/dropzone/-/dropzone-5.0.4.tgz",
      "integrity": "sha512-P/uEoby2Q+C2cXluKHdaWT3CTs8hfPZCkFjR76UGqJwPEW9yZkCE+TPlFJKmfTuKX0jpMA1jdGps+n7kETbE+A==",
      "requires": {
        "@types/jquery": "3.3.4"
      }
    },
    "@types/jquery": {
      "version": "3.3.4",
      "resolved": "https://registry.npmjs.org/@types/jquery/-/jquery-3.3.4.tgz",
      "integrity": "sha512-KqgLNDh8oTl43/2B78S7tjwPnOxPtP9wQsLptbuQCmMwqH5QuPZOk36RsNgbs3mnq/3SCyG1l/GJmhKk5Dg68g=="
    }
  }
}
